
Microsoft Visual Studio Solution File, Format Version 12.00
# Visual Studio Version 17
VisualStudioVersion = 17.0.31903.59
MinimumVisualStudioVersion = 10.0.40219.1
Project("{2150E333-8FDC-42A3-9474-1A3956D46DE8}") = "BuildingBlocks", "BuildingBlocks", "{7266C4A9-E384-DC00-0EB6-47F6002CFBA7}"
EndProject
Project("{FAE04EC0-301F-11D3-BF4B-00C04F79EFBC}") = "RestaurantManagement.Common", "BuildingBlocks\RestaurantManagement.Common\RestaurantManagement.Common.csproj", "{37F211FC-0340-4036-AE25-EF1F27334AA3}"
EndProject
Project("{FAE04EC0-301F-11D3-BF4B-00C04F79EFBC}") = "RestaurantManagement.Messaging", "BuildingBlocks\RestaurantManagement.Messaging\RestaurantManagement.Messaging.csproj", "{CA78A938-540C-4CED-8191-B90DFC666A1D}"
EndProject
Project("{FAE04EC0-301F-11D3-BF4B-00C04F79EFBC}") = "RestaurantManagement.EventBus", "BuildingBlocks\RestaurantManagement.EventBus\RestaurantManagement.EventBus.csproj", "{478BC884-1AC3-483C-89BF-1A64F248E916}"
EndProject
Project("{FAE04EC0-301F-11D3-BF4B-00C04F79EFBC}") = "RestaurantManagement.EventBus.RabbitMQ", "BuildingBlocks\RestaurantManagement.EventBus.RabbitMQ\RestaurantManagement.EventBus.RabbitMQ.csproj", "{ED7CA9B5-363D-4B25-BC2D-D080AAD8AECB}"
EndProject
Project("{2150E333-8FDC-42A3-9474-1A3956D46DE8}") = "Services", "Services", "{5854FF58-B8C5-05C6-5BF2-ACE42193F22B}"
EndProject
Project("{2150E333-8FDC-42A3-9474-1A3956D46DE8}") = "InventoryService", "InventoryService", "{BE20E719-B6B5-F723-937D-3652F6094FC5}"
EndProject
Project("{FAE04EC0-301F-11D3-BF4B-00C04F79EFBC}") = "RestaurantManagement.InventoryService.API", "Services\InventoryService\RestaurantManagement.InventoryService.API\RestaurantManagement.InventoryService.API.csproj", "{5BDFEB23-FD68-4156-8189-2774E8DCBA4D}"
EndProject
Project("{FAE04EC0-301F-11D3-BF4B-00C04F79EFBC}") = "RestaurantManagement.InventoryService.Application", "Services\InventoryService\RestaurantManagement.InventoryService.Application\RestaurantManagement.InventoryService.Application.csproj", "{7E62320A-5236-47A1-A4B5-D42927482273}"
EndProject
Project("{FAE04EC0-301F-11D3-BF4B-00C04F79EFBC}") = "RestaurantManagement.InventoryService.Domain", "Services\InventoryService\RestaurantManagement.InventoryService.Domain\RestaurantManagement.InventoryService.Domain.csproj", "{5B09279B-980C-4E87-9F0B-4A4D88E7B9F6}"
EndProject
Project("{FAE04EC0-301F-11D3-BF4B-00C04F79EFBC}") = "RestaurantManagement.InventoryService.Infrastructure", "Services\InventoryService\RestaurantManagement.InventoryService.Infrastructure\RestaurantManagement.InventoryService.Infrastructure.csproj", "{27CC5F85-23A8-482E-820E-7860A7AB355B}"
EndProject
Project("{FAE04EC0-301F-11D3-BF4B-00C04F79EFBC}") = "RestaurantManagement.InventoryService.Contracts", "Services\InventoryService\RestaurantManagement.InventoryService.Contracts\RestaurantManagement.InventoryService.Contracts.csproj", "{791BA8D8-4E82-4D45-B822-A855A05424C4}"
EndProject
Project("{FAE04EC0-301F-11D3-BF4B-00C04F79EFBC}") = "RestaurantManagement.InventoryService.Tests", "Services\InventoryService\RestaurantManagement.InventoryService.Tests\RestaurantManagement.InventoryService.Tests.csproj", "{9248066F-AB40-4A5A-B8F7-3493F903B5CF}"
EndProject
Project("{2150E333-8FDC-42A3-9474-1A3956D46DE8}") = "ApiGateways", "ApiGateways", "{8450CF56-5DC7-366A-AE0A-4A8614F474CF}"
EndProject
Project("{FAE04EC0-301F-11D3-BF4B-00C04F79EFBC}") = "RestaurantManagement.ApiGateway", "ApiGateways\RestaurantManagement.ApiGateway\RestaurantManagement.ApiGateway.csproj", "{66790E12-A964-46B4-972E-62BAAD1A776B}"
EndProject
Project("{FAE04EC0-301F-11D3-BF4B-00C04F79EFBC}") = "RestaurantManagement.CoffeeShopBFF", "ApiGateways\RestaurantManagement.CoffeeShopBFF\RestaurantManagement.CoffeeShopBFF.csproj", "{676D3C35-C02B-40CD-9FEB-7E7BC01A3DB2}"
EndProject
Project("{FAE04EC0-301F-11D3-BF4B-00C04F79EFBC}") = "RestaurantManagement.AdminBFF", "ApiGateways\RestaurantManagement.AdminBFF\RestaurantManagement.AdminBFF.csproj", "{558221DB-DE28-4026-9E24-7CCE44B20F83}"
EndProject
Project("{2150E333-8FDC-42A3-9474-1A3956D46DE8}") = "Infrastructure", "Infrastructure", "{DFEE68D8-A7D0-1A41-506C-9B74AA9A7B7B}"
EndProject
Project("{FAE04EC0-301F-11D3-BF4B-00C04F79EFBC}") = "RestaurantManagement.ServiceDefaults", "Infrastructure\RestaurantManagement.ServiceDefaults\RestaurantManagement.ServiceDefaults.csproj", "{DE7E3938-6D92-4829-A88B-79D016F088E5}"
EndProject
Project("{FAE04EC0-301F-11D3-BF4B-00C04F79EFBC}") = "RestaurantManagement.AppHost", "Infrastructure\RestaurantManagement.AppHost\RestaurantManagement.AppHost.csproj", "{71FE18F8-502E-47CA-A416-4ECB1D5DF99C}"
EndProject
Project("{2150E333-8FDC-42A3-9474-1A3956D46DE8}") = "Applications", "Applications", "{A10A91C2-6485-6656-963B-F6FCBC812542}"
EndProject
Project("{FAE04EC0-301F-11D3-BF4B-00C04F79EFBC}") = "RestaurantManagement.WebApp", "Applications\RestaurantManagement.WebApp\RestaurantManagement.WebApp.csproj", "{F0E7848D-17E5-4A20-97AD-ED8D1F0171F3}"
EndProject
Project("{FAE04EC0-301F-11D3-BF4B-00C04F79EFBC}") = "RestaurantManagement.CoffeeShopKiosk", "Applications\RestaurantManagement.CoffeeShopKiosk\RestaurantManagement.CoffeeShopKiosk.csproj", "{A91483BC-73F1-4563-84F8-434253EAB7C0}"
EndProject
Project("{2150E333-8FDC-42A3-9474-1A3956D46DE8}") = "Tests", "Tests", "{0AB3BF05-4346-4AA6-1389-037BE0695223}"
EndProject
Project("{FAE04EC0-301F-11D3-BF4B-00C04F79EFBC}") = "RestaurantManagement.IntegrationTests", "Tests\RestaurantManagement.IntegrationTests\RestaurantManagement.IntegrationTests.csproj", "{797A65F7-C5E0-414A-B9D0-C276A7B311FD}"
EndProject
Project("{FAE04EC0-301F-11D3-BF4B-00C04F79EFBC}") = "RestaurantManagement.FunctionalTests", "Tests\RestaurantManagement.FunctionalTests\RestaurantManagement.FunctionalTests.csproj", "{75874F14-F6AF-43F9-A40F-2E1FA8F89AA3}"
EndProject
Global
	GlobalSection(SolutionConfigurationPlatforms) = preSolution
		Debug|Any CPU = Debug|Any CPU
		Debug|x64 = Debug|x64
		Debug|x86 = Debug|x86
		Release|Any CPU = Release|Any CPU
		Release|x64 = Release|x64
		Release|x86 = Release|x86
	EndGlobalSection
	GlobalSection(ProjectConfigurationPlatforms) = postSolution
		{37F211FC-0340-4036-AE25-EF1F27334AA3}.Debug|Any CPU.ActiveCfg = Debug|Any CPU
		{37F211FC-0340-4036-AE25-EF1F27334AA3}.Debug|Any CPU.Build.0 = Debug|Any CPU
		{37F211FC-0340-4036-AE25-EF1F27334AA3}.Debug|x64.ActiveCfg = Debug|Any CPU
		{37F211FC-0340-4036-AE25-EF1F27334AA3}.Debug|x64.Build.0 = Debug|Any CPU
		{37F211FC-0340-4036-AE25-EF1F27334AA3}.Debug|x86.ActiveCfg = Debug|Any CPU
		{37F211FC-0340-4036-AE25-EF1F27334AA3}.Debug|x86.Build.0 = Debug|Any CPU
		{37F211FC-0340-4036-AE25-EF1F27334AA3}.Release|Any CPU.ActiveCfg = Release|Any CPU
		{37F211FC-0340-4036-AE25-EF1F27334AA3}.Release|Any CPU.Build.0 = Release|Any CPU
		{37F211FC-0340-4036-AE25-EF1F27334AA3}.Release|x64.ActiveCfg = Release|Any CPU
		{37F211FC-0340-4036-AE25-EF1F27334AA3}.Release|x64.Build.0 = Release|Any CPU
		{37F211FC-0340-4036-AE25-EF1F27334AA3}.Release|x86.ActiveCfg = Release|Any CPU
		{37F211FC-0340-4036-AE25-EF1F27334AA3}.Release|x86.Build.0 = Release|Any CPU
		{CA78A938-540C-4CED-8191-B90DFC666A1D}.Debug|Any CPU.ActiveCfg = Debug|Any CPU
		{CA78A938-540C-4CED-8191-B90DFC666A1D}.Debug|Any CPU.Build.0 = Debug|Any CPU
		{CA78A938-540C-4CED-8191-B90DFC666A1D}.Debug|x64.ActiveCfg = Debug|Any CPU
		{CA78A938-540C-4CED-8191-B90DFC666A1D}.Debug|x64.Build.0 = Debug|Any CPU
		{CA78A938-540C-4CED-8191-B90DFC666A1D}.Debug|x86.ActiveCfg = Debug|Any CPU
		{CA78A938-540C-4CED-8191-B90DFC666A1D}.Debug|x86.Build.0 = Debug|Any CPU
		{CA78A938-540C-4CED-8191-B90DFC666A1D}.Release|Any CPU.ActiveCfg = Release|Any CPU
		{CA78A938-540C-4CED-8191-B90DFC666A1D}.Release|Any CPU.Build.0 = Release|Any CPU
		{CA78A938-540C-4CED-8191-B90DFC666A1D}.Release|x64.ActiveCfg = Release|Any CPU
		{CA78A938-540C-4CED-8191-B90DFC666A1D}.Release|x64.Build.0 = Release|Any CPU
		{CA78A938-540C-4CED-8191-B90DFC666A1D}.Release|x86.ActiveCfg = Release|Any CPU
		{CA78A938-540C-4CED-8191-B90DFC666A1D}.Release|x86.Build.0 = Release|Any CPU
		{478BC884-1AC3-483C-89BF-1A64F248E916}.Debug|Any CPU.ActiveCfg = Debug|Any CPU
		{478BC884-1AC3-483C-89BF-1A64F248E916}.Debug|Any CPU.Build.0 = Debug|Any CPU
		{478BC884-1AC3-483C-89BF-1A64F248E916}.Debug|x64.ActiveCfg = Debug|Any CPU
		{478BC884-1AC3-483C-89BF-1A64F248E916}.Debug|x64.Build.0 = Debug|Any CPU
		{478BC884-1AC3-483C-89BF-1A64F248E916}.Debug|x86.ActiveCfg = Debug|Any CPU
		{478BC884-1AC3-483C-89BF-1A64F248E916}.Debug|x86.Build.0 = Debug|Any CPU
		{478BC884-1AC3-483C-89BF-1A64F248E916}.Release|Any CPU.ActiveCfg = Release|Any CPU
		{478BC884-1AC3-483C-89BF-1A64F248E916}.Release|Any CPU.Build.0 = Release|Any CPU
		{478BC884-1AC3-483C-89BF-1A64F248E916}.Release|x64.ActiveCfg = Release|Any CPU
		{478BC884-1AC3-483C-89BF-1A64F248E916}.Release|x64.Build.0 = Release|Any CPU
		{478BC884-1AC3-483C-89BF-1A64F248E916}.Release|x86.ActiveCfg = Release|Any CPU
		{478BC884-1AC3-483C-89BF-1A64F248E916}.Release|x86.Build.0 = Release|Any CPU
		{ED7CA9B5-363D-4B25-BC2D-D080AAD8AECB}.Debug|Any CPU.ActiveCfg = Debug|Any CPU
		{ED7CA9B5-363D-4B25-BC2D-D080AAD8AECB}.Debug|Any CPU.Build.0 = Debug|Any CPU
		{ED7CA9B5-363D-4B25-BC2D-D080AAD8AECB}.Debug|x64.ActiveCfg = Debug|Any CPU
		{ED7CA9B5-363D-4B25-BC2D-D080AAD8AECB}.Debug|x64.Build.0 = Debug|Any CPU
		{ED7CA9B5-363D-4B25-BC2D-D080AAD8AECB}.Debug|x86.ActiveCfg = Debug|Any CPU
		{ED7CA9B5-363D-4B25-BC2D-D080AAD8AECB}.Debug|x86.Build.0 = Debug|Any CPU
		{ED7CA9B5-363D-4B25-BC2D-D080AAD8AECB}.Release|Any CPU.ActiveCfg = Release|Any CPU
		{ED7CA9B5-363D-4B25-BC2D-D080AAD8AECB}.Release|Any CPU.Build.0 = Release|Any CPU
		{ED7CA9B5-363D-4B25-BC2D-D080AAD8AECB}.Release|x64.ActiveCfg = Release|Any CPU
		{ED7CA9B5-363D-4B25-BC2D-D080AAD8AECB}.Release|x64.Build.0 = Release|Any CPU
		{ED7CA9B5-363D-4B25-BC2D-D080AAD8AECB}.Release|x86.ActiveCfg = Release|Any CPU
		{ED7CA9B5-363D-4B25-BC2D-D080AAD8AECB}.Release|x86.Build.0 = Release|Any CPU
		{5BDFEB23-FD68-4156-8189-2774E8DCBA4D}.Debug|Any CPU.ActiveCfg = Debug|Any CPU
		{5BDFEB23-FD68-4156-8189-2774E8DCBA4D}.Debug|Any CPU.Build.0 = Debug|Any CPU
		{5BDFEB23-FD68-4156-8189-2774E8DCBA4D}.Debug|x64.ActiveCfg = Debug|Any CPU
		{5BDFEB23-FD68-4156-8189-2774E8DCBA4D}.Debug|x64.Build.0 = Debug|Any CPU
		{5BDFEB23-FD68-4156-8189-2774E8DCBA4D}.Debug|x86.ActiveCfg = Debug|Any CPU
		{5BDFEB23-FD68-4156-8189-2774E8DCBA4D}.Debug|x86.Build.0 = Debug|Any CPU
		{5BDFEB23-FD68-4156-8189-2774E8DCBA4D}.Release|Any CPU.ActiveCfg = Release|Any CPU
		{5BDFEB23-FD68-4156-8189-2774E8DCBA4D}.Release|Any CPU.Build.0 = Release|Any CPU
		{5BDFEB23-FD68-4156-8189-2774E8DCBA4D}.Release|x64.ActiveCfg = Release|Any CPU
		{5BDFEB23-FD68-4156-8189-2774E8DCBA4D}.Release|x64.Build.0 = Release|Any CPU
		{5BDFEB23-FD68-4156-8189-2774E8DCBA4D}.Release|x86.ActiveCfg = Release|Any CPU
		{5BDFEB23-FD68-4156-8189-2774E8DCBA4D}.Release|x86.Build.0 = Release|Any CPU
		{7E62320A-5236-47A1-A4B5-D42927482273}.Debug|Any CPU.ActiveCfg = Debug|Any CPU
		{7E62320A-5236-47A1-A4B5-D42927482273}.Debug|Any CPU.Build.0 = Debug|Any CPU
		{7E62320A-5236-47A1-A4B5-D42927482273}.Debug|x64.ActiveCfg = Debug|Any CPU
		{7E62320A-5236-47A1-A4B5-D42927482273}.Debug|x64.Build.0 = Debug|Any CPU
		{7E62320A-5236-47A1-A4B5-D42927482273}.Debug|x86.ActiveCfg = Debug|Any CPU
		{7E62320A-5236-47A1-A4B5-D42927482273}.Debug|x86.Build.0 = Debug|Any CPU
		{7E62320A-5236-47A1-A4B5-D42927482273}.Release|Any CPU.ActiveCfg = Release|Any CPU
		{7E62320A-5236-47A1-A4B5-D42927482273}.Release|Any CPU.Build.0 = Release|Any CPU
		{7E62320A-5236-47A1-A4B5-D42927482273}.Release|x64.ActiveCfg = Release|Any CPU
		{7E62320A-5236-47A1-A4B5-D42927482273}.Release|x64.Build.0 = Release|Any CPU
		{7E62320A-5236-47A1-A4B5-D42927482273}.Release|x86.ActiveCfg = Release|Any CPU
		{7E62320A-5236-47A1-A4B5-D42927482273}.Release|x86.Build.0 = Release|Any CPU
		{5B09279B-980C-4E87-9F0B-4A4D88E7B9F6}.Debug|Any CPU.ActiveCfg = Debug|Any CPU
		{5B09279B-980C-4E87-9F0B-4A4D88E7B9F6}.Debug|Any CPU.Build.0 = Debug|Any CPU
		{5B09279B-980C-4E87-9F0B-4A4D88E7B9F6}.Debug|x64.ActiveCfg = Debug|Any CPU
		{5B09279B-980C-4E87-9F0B-4A4D88E7B9F6}.Debug|x64.Build.0 = Debug|Any CPU
		{5B09279B-980C-4E87-9F0B-4A4D88E7B9F6}.Debug|x86.ActiveCfg = Debug|Any CPU
		{5B09279B-980C-4E87-9F0B-4A4D88E7B9F6}.Debug|x86.Build.0 = Debug|Any CPU
		{5B09279B-980C-4E87-9F0B-4A4D88E7B9F6}.Release|Any CPU.ActiveCfg = Release|Any CPU
		{5B09279B-980C-4E87-9F0B-4A4D88E7B9F6}.Release|Any CPU.Build.0 = Release|Any CPU
		{5B09279B-980C-4E87-9F0B-4A4D88E7B9F6}.Release|x64.ActiveCfg = Release|Any CPU
		{5B09279B-980C-4E87-9F0B-4A4D88E7B9F6}.Release|x64.Build.0 = Release|Any CPU
		{5B09279B-980C-4E87-9F0B-4A4D88E7B9F6}.Release|x86.ActiveCfg = Release|Any CPU
		{5B09279B-980C-4E87-9F0B-4A4D88E7B9F6}.Release|x86.Build.0 = Release|Any CPU
		{27CC5F85-23A8-482E-820E-7860A7AB355B}.Debug|Any CPU.ActiveCfg = Debug|Any CPU
		{27CC5F85-23A8-482E-820E-7860A7AB355B}.Debug|Any CPU.Build.0 = Debug|Any CPU
		{27CC5F85-23A8-482E-820E-7860A7AB355B}.Debug|x64.ActiveCfg = Debug|Any CPU
		{27CC5F85-23A8-482E-820E-7860A7AB355B}.Debug|x64.Build.0 = Debug|Any CPU
		{27CC5F85-23A8-482E-820E-7860A7AB355B}.Debug|x86.ActiveCfg = Debug|Any CPU
		{27CC5F85-23A8-482E-820E-7860A7AB355B}.Debug|x86.Build.0 = Debug|Any CPU
		{27CC5F85-23A8-482E-820E-7860A7AB355B}.Release|Any CPU.ActiveCfg = Release|Any CPU
		{27CC5F85-23A8-482E-820E-7860A7AB355B}.Release|Any CPU.Build.0 = Release|Any CPU
		{27CC5F85-23A8-482E-820E-7860A7AB355B}.Release|x64.ActiveCfg = Release|Any CPU
		{27CC5F85-23A8-482E-820E-7860A7AB355B}.Release|x64.Build.0 = Release|Any CPU
		{27CC5F85-23A8-482E-820E-7860A7AB355B}.Release|x86.ActiveCfg = Release|Any CPU
		{27CC5F85-23A8-482E-820E-7860A7AB355B}.Release|x86.Build.0 = Release|Any CPU
		{791BA8D8-4E82-4D45-B822-A855A05424C4}.Debug|Any CPU.ActiveCfg = Debug|Any CPU
		{791BA8D8-4E82-4D45-B822-A855A05424C4}.Debug|Any CPU.Build.0 = Debug|Any CPU
		{791BA8D8-4E82-4D45-B822-A855A05424C4}.Debug|x64.ActiveCfg = Debug|Any CPU
		{791BA8D8-4E82-4D45-B822-A855A05424C4}.Debug|x64.Build.0 = Debug|Any CPU
		{791BA8D8-4E82-4D45-B822-A855A05424C4}.Debug|x86.ActiveCfg = Debug|Any CPU
		{791BA8D8-4E82-4D45-B822-A855A05424C4}.Debug|x86.Build.0 = Debug|Any CPU
		{791BA8D8-4E82-4D45-B822-A855A05424C4}.Release|Any CPU.ActiveCfg = Release|Any CPU
		{791BA8D8-4E82-4D45-B822-A855A05424C4}.Release|Any CPU.Build.0 = Release|Any CPU
		{791BA8D8-4E82-4D45-B822-A855A05424C4}.Release|x64.ActiveCfg = Release|Any CPU
		{791BA8D8-4E82-4D45-B822-A855A05424C4}.Release|x64.Build.0 = Release|Any CPU
		{791BA8D8-4E82-4D45-B822-A855A05424C4}.Release|x86.ActiveCfg = Release|Any CPU
		{791BA8D8-4E82-4D45-B822-A855A05424C4}.Release|x86.Build.0 = Release|Any CPU
		{9248066F-AB40-4A5A-B8F7-3493F903B5CF}.Debug|Any CPU.ActiveCfg = Debug|Any CPU
		{9248066F-AB40-4A5A-B8F7-3493F903B5CF}.Debug|Any CPU.Build.0 = Debug|Any CPU
		{9248066F-AB40-4A5A-B8F7-3493F903B5CF}.Debug|x64.ActiveCfg = Debug|Any CPU
		{9248066F-AB40-4A5A-B8F7-3493F903B5CF}.Debug|x64.Build.0 = Debug|Any CPU
		{9248066F-AB40-4A5A-B8F7-3493F903B5CF}.Debug|x86.ActiveCfg = Debug|Any CPU
		{9248066F-AB40-4A5A-B8F7-3493F903B5CF}.Debug|x86.Build.0 = Debug|Any CPU
		{9248066F-AB40-4A5A-B8F7-3493F903B5CF}.Release|Any CPU.ActiveCfg = Release|Any CPU
		{9248066F-AB40-4A5A-B8F7-3493F903B5CF}.Release|Any CPU.Build.0 = Release|Any CPU
		{9248066F-AB40-4A5A-B8F7-3493F903B5CF}.Release|x64.ActiveCfg = Release|Any CPU
		{9248066F-AB40-4A5A-B8F7-3493F903B5CF}.Release|x64.Build.0 = Release|Any CPU
		{9248066F-AB40-4A5A-B8F7-3493F903B5CF}.Release|x86.ActiveCfg = Release|Any CPU
		{9248066F-AB40-4A5A-B8F7-3493F903B5CF}.Release|x86.Build.0 = Release|Any CPU
		{66790E12-A964-46B4-972E-62BAAD1A776B}.Debug|Any CPU.ActiveCfg = Debug|Any CPU
		{66790E12-A964-46B4-972E-62BAAD1A776B}.Debug|Any CPU.Build.0 = Debug|Any CPU
		{66790E12-A964-46B4-972E-62BAAD1A776B}.Debug|x64.ActiveCfg = Debug|Any CPU
		{66790E12-A964-46B4-972E-62BAAD1A776B}.Debug|x64.Build.0 = Debug|Any CPU
		{66790E12-A964-46B4-972E-62BAAD1A776B}.Debug|x86.ActiveCfg = Debug|Any CPU
		{66790E12-A964-46B4-972E-62BAAD1A776B}.Debug|x86.Build.0 = Debug|Any CPU
		{66790E12-A964-46B4-972E-62BAAD1A776B}.Release|Any CPU.ActiveCfg = Release|Any CPU
		{66790E12-A964-46B4-972E-62BAAD1A776B}.Release|Any CPU.Build.0 = Release|Any CPU
		{66790E12-A964-46B4-972E-62BAAD1A776B}.Release|x64.ActiveCfg = Release|Any CPU
		{66790E12-A964-46B4-972E-62BAAD1A776B}.Release|x64.Build.0 = Release|Any CPU
		{66790E12-A964-46B4-972E-62BAAD1A776B}.Release|x86.ActiveCfg = Release|Any CPU
		{66790E12-A964-46B4-972E-62BAAD1A776B}.Release|x86.Build.0 = Release|Any CPU
		{676D3C35-C02B-40CD-9FEB-7E7BC01A3DB2}.Debug|Any CPU.ActiveCfg = Debug|Any CPU
		{676D3C35-C02B-40CD-9FEB-7E7BC01A3DB2}.Debug|Any CPU.Build.0 = Debug|Any CPU
		{676D3C35-C02B-40CD-9FEB-7E7BC01A3DB2}.Debug|x64.ActiveCfg = Debug|Any CPU
		{676D3C35-C02B-40CD-9FEB-7E7BC01A3DB2}.Debug|x64.Build.0 = Debug|Any CPU
		{676D3C35-C02B-40CD-9FEB-7E7BC01A3DB2}.Debug|x86.ActiveCfg = Debug|Any CPU
		{676D3C35-C02B-40CD-9FEB-7E7BC01A3DB2}.Debug|x86.Build.0 = Debug|Any CPU
		{676D3C35-C02B-40CD-9FEB-7E7BC01A3DB2}.Release|Any CPU.ActiveCfg = Release|Any CPU
		{676D3C35-C02B-40CD-9FEB-7E7BC01A3DB2}.Release|Any CPU.Build.0 = Release|Any CPU
		{676D3C35-C02B-40CD-9FEB-7E7BC01A3DB2}.Release|x64.ActiveCfg = Release|Any CPU
		{676D3C35-C02B-40CD-9FEB-7E7BC01A3DB2}.Release|x64.Build.0 = Release|Any CPU
		{676D3C35-C02B-40CD-9FEB-7E7BC01A3DB2}.Release|x86.ActiveCfg = Release|Any CPU
		{676D3C35-C02B-40CD-9FEB-7E7BC01A3DB2}.Release|x86.Build.0 = Release|Any CPU
		{558221DB-DE28-4026-9E24-7CCE44B20F83}.Debug|Any CPU.ActiveCfg = Debug|Any CPU
		{558221DB-DE28-4026-9E24-7CCE44B20F83}.Debug|Any CPU.Build.0 = Debug|Any CPU
		{558221DB-DE28-4026-9E24-7CCE44B20F83}.Debug|x64.ActiveCfg = Debug|Any CPU
		{558221DB-DE28-4026-9E24-7CCE44B20F83}.Debug|x64.Build.0 = Debug|Any CPU
		{558221DB-DE28-4026-9E24-7CCE44B20F83}.Debug|x86.ActiveCfg = Debug|Any CPU
		{558221DB-DE28-4026-9E24-7CCE44B20F83}.Debug|x86.Build.0 = Debug|Any CPU
		{558221DB-DE28-4026-9E24-7CCE44B20F83}.Release|Any CPU.ActiveCfg = Release|Any CPU
		{558221DB-DE28-4026-9E24-7CCE44B20F83}.Release|Any CPU.Build.0 = Release|Any CPU
		{558221DB-DE28-4026-9E24-7CCE44B20F83}.Release|x64.ActiveCfg = Release|Any CPU
		{558221DB-DE28-4026-9E24-7CCE44B20F83}.Release|x64.Build.0 = Release|Any CPU
		{558221DB-DE28-4026-9E24-7CCE44B20F83}.Release|x86.ActiveCfg = Release|Any CPU
		{558221DB-DE28-4026-9E24-7CCE44B20F83}.Release|x86.Build.0 = Release|Any CPU
		{DE7E3938-6D92-4829-A88B-79D016F088E5}.Debug|Any CPU.ActiveCfg = Debug|Any CPU
		{DE7E3938-6D92-4829-A88B-79D016F088E5}.Debug|Any CPU.Build.0 = Debug|Any CPU
		{DE7E3938-6D92-4829-A88B-79D016F088E5}.Debug|x64.ActiveCfg = Debug|Any CPU
		{DE7E3938-6D92-4829-A88B-79D016F088E5}.Debug|x64.Build.0 = Debug|Any CPU
		{DE7E3938-6D92-4829-A88B-79D016F088E5}.Debug|x86.ActiveCfg = Debug|Any CPU
		{DE7E3938-6D92-4829-A88B-79D016F088E5}.Debug|x86.Build.0 = Debug|Any CPU
		{DE7E3938-6D92-4829-A88B-79D016F088E5}.Release|Any CPU.ActiveCfg = Release|Any CPU
		{DE7E3938-6D92-4829-A88B-79D016F088E5}.Release|Any CPU.Build.0 = Release|Any CPU
		{DE7E3938-6D92-4829-A88B-79D016F088E5}.Release|x64.ActiveCfg = Release|Any CPU
		{DE7E3938-6D92-4829-A88B-79D016F088E5}.Release|x64.Build.0 = Release|Any CPU
		{DE7E3938-6D92-4829-A88B-79D016F088E5}.Release|x86.ActiveCfg = Release|Any CPU
		{DE7E3938-6D92-4829-A88B-79D016F088E5}.Release|x86.Build.0 = Release|Any CPU
		{71FE18F8-502E-47CA-A416-4ECB1D5DF99C}.Debug|Any CPU.ActiveCfg = Debug|Any CPU
		{71FE18F8-502E-47CA-A416-4ECB1D5DF99C}.Debug|Any CPU.Build.0 = Debug|Any CPU
		{71FE18F8-502E-47CA-A416-4ECB1D5DF99C}.Debug|x64.ActiveCfg = Debug|Any CPU
		{71FE18F8-502E-47CA-A416-4ECB1D5DF99C}.Debug|x64.Build.0 = Debug|Any CPU
		{71FE18F8-502E-47CA-A416-4ECB1D5DF99C}.Debug|x86.ActiveCfg = Debug|Any CPU
		{71FE18F8-502E-47CA-A416-4ECB1D5DF99C}.Debug|x86.Build.0 = Debug|Any CPU
		{71FE18F8-502E-47CA-A416-4ECB1D5DF99C}.Release|Any CPU.ActiveCfg = Release|Any CPU
		{71FE18F8-502E-47CA-A416-4ECB1D5DF99C}.Release|Any CPU.Build.0 = Release|Any CPU
		{71FE18F8-502E-47CA-A416-4ECB1D5DF99C}.Release|x64.ActiveCfg = Release|Any CPU
		{71FE18F8-502E-47CA-A416-4ECB1D5DF99C}.Release|x64.Build.0 = Release|Any CPU
		{71FE18F8-502E-47CA-A416-4ECB1D5DF99C}.Release|x86.ActiveCfg = Release|Any CPU
		{71FE18F8-502E-47CA-A416-4ECB1D5DF99C}.Release|x86.Build.0 = Release|Any CPU
		{F0E7848D-17E5-4A20-97AD-ED8D1F0171F3}.Debug|Any CPU.ActiveCfg = Debug|Any CPU
		{F0E7848D-17E5-4A20-97AD-ED8D1F0171F3}.Debug|Any CPU.Build.0 = Debug|Any CPU
		{F0E7848D-17E5-4A20-97AD-ED8D1F0171F3}.Debug|x64.ActiveCfg = Debug|Any CPU
		{F0E7848D-17E5-4A20-97AD-ED8D1F0171F3}.Debug|x64.Build.0 = Debug|Any CPU
		{F0E7848D-17E5-4A20-97AD-ED8D1F0171F3}.Debug|x86.ActiveCfg = Debug|Any CPU
		{F0E7848D-17E5-4A20-97AD-ED8D1F0171F3}.Debug|x86.Build.0 = Debug|Any CPU
		{F0E7848D-17E5-4A20-97AD-ED8D1F0171F3}.Release|Any CPU.ActiveCfg = Release|Any CPU
		{F0E7848D-17E5-4A20-97AD-ED8D1F0171F3}.Release|Any CPU.Build.0 = Release|Any CPU
		{F0E7848D-17E5-4A20-97AD-ED8D1F0171F3}.Release|x64.ActiveCfg = Release|Any CPU
		{F0E7848D-17E5-4A20-97AD-ED8D1F0171F3}.Release|x64.Build.0 = Release|Any CPU
		{F0E7848D-17E5-4A20-97AD-ED8D1F0171F3}.Release|x86.ActiveCfg = Release|Any CPU
		{F0E7848D-17E5-4A20-97AD-ED8D1F0171F3}.Release|x86.Build.0 = Release|Any CPU
		{A91483BC-73F1-4563-84F8-434253EAB7C0}.Debug|Any CPU.ActiveCfg = Debug|Any CPU
		{A91483BC-73F1-4563-84F8-434253EAB7C0}.Debug|Any CPU.Build.0 = Debug|Any CPU
		{A91483BC-73F1-4563-84F8-434253EAB7C0}.Debug|x64.ActiveCfg = Debug|Any CPU
		{A91483BC-73F1-4563-84F8-434253EAB7C0}.Debug|x64.Build.0 = Debug|Any CPU
		{A91483BC-73F1-4563-84F8-434253EAB7C0}.Debug|x86.ActiveCfg = Debug|Any CPU
		{A91483BC-73F1-4563-84F8-434253EAB7C0}.Debug|x86.Build.0 = Debug|Any CPU
		{A91483BC-73F1-4563-84F8-434253EAB7C0}.Release|Any CPU.ActiveCfg = Release|Any CPU
		{A91483BC-73F1-4563-84F8-434253EAB7C0}.Release|Any CPU.Build.0 = Release|Any CPU
		{A91483BC-73F1-4563-84F8-434253EAB7C0}.Release|x64.ActiveCfg = Release|Any CPU
		{A91483BC-73F1-4563-84F8-434253EAB7C0}.Release|x64.Build.0 = Release|Any CPU
		{A91483BC-73F1-4563-84F8-434253EAB7C0}.Release|x86.ActiveCfg = Release|Any CPU
		{A91483BC-73F1-4563-84F8-434253EAB7C0}.Release|x86.Build.0 = Release|Any CPU
		{797A65F7-C5E0-414A-B9D0-C276A7B311FD}.Debug|Any CPU.ActiveCfg = Debug|Any CPU
		{797A65F7-C5E0-414A-B9D0-C276A7B311FD}.Debug|Any CPU.Build.0 = Debug|Any CPU
		{797A65F7-C5E0-414A-B9D0-C276A7B311FD}.Debug|x64.ActiveCfg = Debug|Any CPU
		{797A65F7-C5E0-414A-B9D0-C276A7B311FD}.Debug|x64.Build.0 = Debug|Any CPU
		{797A65F7-C5E0-414A-B9D0-C276A7B311FD}.Debug|x86.ActiveCfg = Debug|Any CPU
		{797A65F7-C5E0-414A-B9D0-C276A7B311FD}.Debug|x86.Build.0 = Debug|Any CPU
		{797A65F7-C5E0-414A-B9D0-C276A7B311FD}.Release|Any CPU.ActiveCfg = Release|Any CPU
		{797A65F7-C5E0-414A-B9D0-C276A7B311FD}.Release|Any CPU.Build.0 = Release|Any CPU
		{797A65F7-C5E0-414A-B9D0-C276A7B311FD}.Release|x64.ActiveCfg = Release|Any CPU
		{797A65F7-C5E0-414A-B9D0-C276A7B311FD}.Release|x64.Build.0 = Release|Any CPU
		{797A65F7-C5E0-414A-B9D0-C276A7B311FD}.Release|x86.ActiveCfg = Release|Any CPU
		{797A65F7-C5E0-414A-B9D0-C276A7B311FD}.Release|x86.Build.0 = Release|Any CPU
		{75874F14-F6AF-43F9-A40F-2E1FA8F89AA3}.Debug|Any CPU.ActiveCfg = Debug|Any CPU
		{75874F14-F6AF-43F9-A40F-2E1FA8F89AA3}.Debug|Any CPU.Build.0 = Debug|Any CPU
		{75874F14-F6AF-43F9-A40F-2E1FA8F89AA3}.Debug|x64.ActiveCfg = Debug|Any CPU
		{75874F14-F6AF-43F9-A40F-2E1FA8F89AA3}.Debug|x64.Build.0 = Debug|Any CPU
		{75874F14-F6AF-43F9-A40F-2E1FA8F89AA3}.Debug|x86.ActiveCfg = Debug|Any CPU
		{75874F14-F6AF-43F9-A40F-2E1FA8F89AA3}.Debug|x86.Build.0 = Debug|Any CPU
		{75874F14-F6AF-43F9-A40F-2E1FA8F89AA3}.Release|Any CPU.ActiveCfg = Release|Any CPU
		{75874F14-F6AF-43F9-A40F-2E1FA8F89AA3}.Release|Any CPU.Build.0 = Release|Any CPU
		{75874F14-F6AF-43F9-A40F-2E1FA8F89AA3}.Release|x64.ActiveCfg = Release|Any CPU
		{75874F14-F6AF-43F9-A40F-2E1FA8F89AA3}.Release|x64.Build.0 = Release|Any CPU
		{75874F14-F6AF-43F9-A40F-2E1FA8F89AA3}.Release|x86.ActiveCfg = Release|Any CPU
		{75874F14-F6AF-43F9-A40F-2E1FA8F89AA3}.Release|x86.Build.0 = Release|Any CPU
	EndGlobalSection
	GlobalSection(SolutionProperties) = preSolution
		HideSolutionNode = FALSE
	EndGlobalSection
	GlobalSection(NestedProjects) = preSolution
		{37F211FC-0340-4036-AE25-EF1F27334AA3} = {7266C4A9-E384-DC00-0EB6-47F6002CFBA7}
		{CA78A938-540C-4CED-8191-B90DFC666A1D} = {7266C4A9-E384-DC00-0EB6-47F6002CFBA7}
		{478BC884-1AC3-483C-89BF-1A64F248E916} = {7266C4A9-E384-DC00-0EB6-47F6002CFBA7}
		{ED7CA9B5-363D-4B25-BC2D-D080AAD8AECB} = {7266C4A9-E384-DC00-0EB6-47F6002CFBA7}
		{BE20E719-B6B5-F723-937D-3652F6094FC5} = {5854FF58-B8C5-05C6-5BF2-ACE42193F22B}
		{5BDFEB23-FD68-4156-8189-2774E8DCBA4D} = {BE20E719-B6B5-F723-937D-3652F6094FC5}
		{7E62320A-5236-47A1-A4B5-D42927482273} = {BE20E719-B6B5-F723-937D-3652F6094FC5}
		{5B09279B-980C-4E87-9F0B-4A4D88E7B9F6} = {BE20E719-B6B5-F723-937D-3652F6094FC5}
		{27CC5F85-23A8-482E-820E-7860A7AB355B} = {BE20E719-B6B5-F723-937D-3652F6094FC5}
		{791BA8D8-4E82-4D45-B822-A855A05424C4} = {BE20E719-B6B5-F723-937D-3652F6094FC5}
		{9248066F-AB40-4A5A-B8F7-3493F903B5CF} = {BE20E719-B6B5-F723-937D-3652F6094FC5}
		{66790E12-A964-46B4-972E-62BAAD1A776B} = {8450CF56-5DC7-366A-AE0A-4A8614F474CF}
		{676D3C35-C02B-40CD-9FEB-7E7BC01A3DB2} = {8450CF56-5DC7-366A-AE0A-4A8614F474CF}
		{558221DB-DE28-4026-9E24-7CCE44B20F83} = {8450CF56-5DC7-366A-AE0A-4A8614F474CF}
		{DE7E3938-6D92-4829-A88B-79D016F088E5} = {DFEE68D8-A7D0-1A41-506C-9B74AA9A7B7B}
		{71FE18F8-502E-47CA-A416-4ECB1D5DF99C} = {DFEE68D8-A7D0-1A41-506C-9B74AA9A7B7B}
		{F0E7848D-17E5-4A20-97AD-ED8D1F0171F3} = {A10A91C2-6485-6656-963B-F6FCBC812542}
		{A91483BC-73F1-4563-84F8-434253EAB7C0} = {A10A91C2-6485-6656-963B-F6FCBC812542}
		{797A65F7-C5E0-414A-B9D0-C276A7B311FD} = {0AB3BF05-4346-4AA6-1389-037BE0695223}
		{75874F14-F6AF-43F9-A40F-2E1FA8F89AA3} = {0AB3BF05-4346-4AA6-1389-037BE0695223}
	EndGlobalSection
EndGlobal
